
Microsoft Visual Studio Solution File, Format Version 12.00
# Visual Studio Version 17
VisualStudioVersion = 17.4.33403.182
MinimumVisualStudioVersion = 10.0.40219.1
Project("{FAE04EC0-301F-11D3-BF4B-00C04F79EFBC}") = "swtichcasekontor", "swtichcasekontor\swtichcasekontor.csproj", "{B43F95BC-FF20-403E-8AB8-BEB051382908}"
EndProject
Global
	GlobalSection(SolutionConfigurationPlatforms) = preSolution
		Debug|Any CPU = Debug|Any CPU
		Release|Any CPU = Release|Any CPU
	EndGlobalSection
	GlobalSection(ProjectConfigurationPlatforms) = postSolution
		{B43F95BC-FF20-403E-8AB8-BEB051382908}.Debug|Any CPU.ActiveCfg = Debug|Any CPU
		{B43F95BC-FF20-403E-8AB8-BEB051382908}.Debug|Any CPU.Build.0 = Debug|Any CPU
		{B43F95BC-FF20-403E-8AB8-BEB051382908}.Release|Any CPU.ActiveCfg = Release|Any CPU
		{B43F95BC-FF20-403E-8AB8-BEB051382908}.Release|Any CPU.Build.0 = Release|Any CPU
	EndGlobalSection
	GlobalSection(SolutionProperties) = preSolution
		HideSolutionNode = FALSE
	EndGlobalSection
	GlobalSection(ExtensibilityGlobals) = postSolution
		SolutionGuid = {C86FB9EC-0CF4-482C-802C-EFF5834F556D}
	EndGlobalSection
EndGlobal
