
Microsoft Visual Studio Solution File, Format Version 12.00
# Visual Studio Version 17
VisualStudioVersion = 17.4.33403.182
MinimumVisualStudioVersion = 10.0.40219.1
Project("{FAE04EC0-301F-11D3-BF4B-00C04F79EFBC}") = "duzpramit", "duzpramit\duzpramit.csproj", "{FFAF3811-F263-48BA-B647-766BFA279659}"
EndProject
Global
	GlobalSection(SolutionConfigurationPlatforms) = preSolution
		Debug|Any CPU = Debug|Any CPU
		Release|Any CPU = Release|Any CPU
	EndGlobalSection
	GlobalSection(ProjectConfigurationPlatforms) = postSolution
		{FFAF3811-F263-48BA-B647-766BFA279659}.Debug|Any CPU.ActiveCfg = Debug|Any CPU
		{FFAF3811-F263-48BA-B647-766BFA279659}.Debug|Any CPU.Build.0 = Debug|Any CPU
		{FFAF3811-F263-48BA-B647-766BFA279659}.Release|Any CPU.ActiveCfg = Release|Any CPU
		{FFAF3811-F263-48BA-B647-766BFA279659}.Release|Any CPU.Build.0 = Release|Any CPU
	EndGlobalSection
	GlobalSection(SolutionProperties) = preSolution
		HideSolutionNode = FALSE
	EndGlobalSection
	GlobalSection(ExtensibilityGlobals) = postSolution
		SolutionGuid = {F969D629-2C85-427E-9310-B9505068A9DE}
	EndGlobalSection
EndGlobal
