
Microsoft Visual Studio Solution File, Format Version 12.00
# Visual Studio Version 17
VisualStudioVersion = 17.4.33403.182
MinimumVisualStudioVersion = 10.0.40219.1
Project("{FAE04EC0-301F-11D3-BF4B-00C04F79EFBC}") = "azalanyildiz", "azalanyildiz\azalanyildiz.csproj", "{99D8AAD9-4104-486F-89C9-DA2C8A478EC2}"
EndProject
Global
	GlobalSection(SolutionConfigurationPlatforms) = preSolution
		Debug|Any CPU = Debug|Any CPU
		Release|Any CPU = Release|Any CPU
	EndGlobalSection
	GlobalSection(ProjectConfigurationPlatforms) = postSolution
		{99D8AAD9-4104-486F-89C9-DA2C8A478EC2}.Debug|Any CPU.ActiveCfg = Debug|Any CPU
		{99D8AAD9-4104-486F-89C9-DA2C8A478EC2}.Debug|Any CPU.Build.0 = Debug|Any CPU
		{99D8AAD9-4104-486F-89C9-DA2C8A478EC2}.Release|Any CPU.ActiveCfg = Release|Any CPU
		{99D8AAD9-4104-486F-89C9-DA2C8A478EC2}.Release|Any CPU.Build.0 = Release|Any CPU
	EndGlobalSection
	GlobalSection(SolutionProperties) = preSolution
		HideSolutionNode = FALSE
	EndGlobalSection
	GlobalSection(ExtensibilityGlobals) = postSolution
		SolutionGuid = {F0E95E27-CB25-4E2E-B63E-855201CDD9B5}
	EndGlobalSection
EndGlobal
