
Microsoft Visual Studio Solution File, Format Version 12.00
# Visual Studio Version 17
VisualStudioVersion = 17.4.33403.182
MinimumVisualStudioVersion = 10.0.40219.1
Project("{FAE04EC0-301F-11D3-BF4B-00C04F79EFBC}") = "diziverigir", "diziverigir\diziverigir.csproj", "{F7DA810D-3B93-4868-9B1C-88B736146451}"
EndProject
Global
	GlobalSection(SolutionConfigurationPlatforms) = preSolution
		Debug|Any CPU = Debug|Any CPU
		Release|Any CPU = Release|Any CPU
	EndGlobalSection
	GlobalSection(ProjectConfigurationPlatforms) = postSolution
		{F7DA810D-3B93-4868-9B1C-88B736146451}.Debug|Any CPU.ActiveCfg = Debug|Any CPU
		{F7DA810D-3B93-4868-9B1C-88B736146451}.Debug|Any CPU.Build.0 = Debug|Any CPU
		{F7DA810D-3B93-4868-9B1C-88B736146451}.Release|Any CPU.ActiveCfg = Release|Any CPU
		{F7DA810D-3B93-4868-9B1C-88B736146451}.Release|Any CPU.Build.0 = Release|Any CPU
	EndGlobalSection
	GlobalSection(SolutionProperties) = preSolution
		HideSolutionNode = FALSE
	EndGlobalSection
	GlobalSection(ExtensibilityGlobals) = postSolution
		SolutionGuid = {79EAC438-46DB-4F00-A167-57A3B101E139}
	EndGlobalSection
EndGlobal
