
Microsoft Visual Studio Solution File, Format Version 12.00
# Visual Studio Version 17
VisualStudioVersion = 17.4.33403.182
MinimumVisualStudioVersion = 10.0.40219.1
Project("{FAE04EC0-301F-11D3-BF4B-00C04F79EFBC}") = "degiskenler1", "degiskenler1\degiskenler1.csproj", "{B89C5FA5-1DE5-43EB-9AF9-98A1615E026E}"
EndProject
Global
	GlobalSection(SolutionConfigurationPlatforms) = preSolution
		Debug|Any CPU = Debug|Any CPU
		Release|Any CPU = Release|Any CPU
	EndGlobalSection
	GlobalSection(ProjectConfigurationPlatforms) = postSolution
		{B89C5FA5-1DE5-43EB-9AF9-98A1615E026E}.Debug|Any CPU.ActiveCfg = Debug|Any CPU
		{B89C5FA5-1DE5-43EB-9AF9-98A1615E026E}.Debug|Any CPU.Build.0 = Debug|Any CPU
		{B89C5FA5-1DE5-43EB-9AF9-98A1615E026E}.Release|Any CPU.ActiveCfg = Release|Any CPU
		{B89C5FA5-1DE5-43EB-9AF9-98A1615E026E}.Release|Any CPU.Build.0 = Release|Any CPU
	EndGlobalSection
	GlobalSection(SolutionProperties) = preSolution
		HideSolutionNode = FALSE
	EndGlobalSection
	GlobalSection(ExtensibilityGlobals) = postSolution
		SolutionGuid = {345B65F2-91C6-495F-9BCB-A7017A3BA6C0}
	EndGlobalSection
EndGlobal
